# This file is automatically @generated by Cargo.
# It is not intended for manual editing.
[[package]]
name = "addr2line"
version = "0.13.0"
source = "registry+https://github.com/rust-lang/crates.io-index"
checksum = "1b6a2d3371669ab3ca9797670853d61402b03d0b4b9ebf33d677dfa720203072"
dependencies = [
 "gimli",
]

[[package]]
name = "adler"
version = "0.2.2"
source = "registry+https://github.com/rust-lang/crates.io-index"
checksum = "ccc9a9dd069569f212bc4330af9f17c4afb5e8ce185e83dbb14f1349d